{
  "name": "nirs4all",
  "version": "0.3.32",
  "lockfileVersion": 3,
  "requires": true,
  "packages": {
    "": {
      "name": "nirs4all",
      "version": "0.3.32",
      "license": "(CECILL-2.1 OR AGPL-3.0-or-later)",
      "dependencies": {
        "yaml": "^2.9.0"
      },
      "devDependencies": {
        "dag-ml-wasm": "^0.3.27",
        "ml-random-forest": "^2.1.0",
        "typescript": "5.9.3"
      },
      "peerDependencies": {
        "@nirs4all/datasets-wasm": "*",
        "@nirs4all/formats-wasm": "*",
        "@nirs4all/io-wasm": "*",
        "@nirs4all/methods": "*",
        "dag-ml-data-wasm": "*",
        "dag-ml-wasm": "*",
        "ml-random-forest": "^2.1.0"
      },
      "peerDependenciesMeta": {
        "@nirs4all/datasets-wasm": {
          "optional": true
        },
        "@nirs4all/formats-wasm": {
          "optional": true
        },
        "@nirs4all/io-wasm": {
          "optional": true
        },
        "@nirs4all/methods": {
          "optional": true
        },
        "dag-ml-data-wasm": {
          "optional": true
        },
        "dag-ml-wasm": {
          "optional": true
        },
        "ml-random-forest": {
          "optional": true
        }
      }
    },
    "node_modules/dag-ml-wasm": {
      "version": "0.3.27",
      "resolved": "https://registry.npmjs.org/dag-ml-wasm/-/dag-ml-wasm-0.3.27.tgz",
      "integrity": "sha512-JUljvALyETExggEQOo98vOJL5TwPA+T9IiJoYdL3QU6Gzc36hV2/X3QHhM69l0XtbVovUG+5rfYr6vtIeM2Jcw==",
      "dev": true,
      "license": "CECILL-2.1 OR AGPL-3.0-or-later"
    },
    "node_modules/is-any-array": {
      "version": "2.0.1",
      "resolved": "https://registry.npmjs.org/is-any-array/-/is-any-array-2.0.1.tgz",
      "integrity": "sha512-UtilS7hLRu++wb/WBAw9bNuP1Eg04Ivn1vERJck8zJthEvXCBEBpGR/33u/xLKWEQf95803oalHrVDptcAvFdQ==",
      "dev": true,
      "license": "MIT"
    },
    "node_modules/median-quickselect": {
      "version": "1.0.1",
      "resolved": "https://registry.npmjs.org/median-quickselect/-/median-quickselect-1.0.1.tgz",
      "integrity": "sha512-/QL9ptNuLsdA68qO+2o10TKCyu621zwwTFdLvtu8rzRNKsn8zvuGoq/vDxECPyELFG8wu+BpyoMR9BnsJqfVZQ==",
      "dev": true,
      "license": "ISC"
    },
    "node_modules/ml-array-max": {
      "version": "2.0.0",
      "resolved": "https://registry.npmjs.org/ml-array-max/-/ml-array-max-2.0.0.tgz",
      "integrity": "sha512-QQZ4kENwpWmyNb98UXRDFXrmtIXuXtt1+bSbda/2KA85+F+rrJP8hZk6QOkCQXM2Th9mUDYdq/PNByPdT9ID4A==",
      "dev": true,
      "license": "MIT",
      "dependencies": {
        "is-any-array": "^3.0.0"
      }
    },
    "node_modules/ml-array-max/node_modules/is-any-array": {
      "version": "3.0.0",
      "resolved": "https://registry.npmjs.org/is-any-array/-/is-any-array-3.0.0.tgz",
      "integrity": "sha512-o4h+tylWykC4BD1vaejp6gDxoM13bwW8FGuNs4yIKpj8xbBJcRxJx8vZpq0dCr7ZDEfeKjmsi/euolKhX6f/ww==",
      "dev": true,
      "license": "MIT"
    },
    "node_modules/ml-array-mean": {
      "version": "1.1.6",
      "resolved": "https://registry.npmjs.org/ml-array-mean/-/ml-array-mean-1.1.6.tgz",
      "integrity": "sha512-MIdf7Zc8HznwIisyiJGRH9tRigg3Yf4FldW8DxKxpCCv/g5CafTw0RRu51nojVEOXuCQC7DRVVu5c7XXO/5joQ==",
      "dev": true,
      "license": "MIT",
      "dependencies": {
        "ml-array-sum": "^1.1.6"
      }
    },
    "node_modules/ml-array-median": {
      "version": "1.1.6",
      "resolved": "https://registry.npmjs.org/ml-array-median/-/ml-array-median-1.1.6.tgz",
      "integrity": "sha512-V6bV6bTPFRX8v5CaAx/7fuRXC39LLTHfPSVZZafdNaqNz2PFL5zEA7gesjv8dMXh+gwPeUMtB5QPovlTBaa4sw==",
      "dev": true,
      "license": "MIT",
      "dependencies": {
        "is-any-array": "^2.0.0",
        "median-quickselect": "^1.0.1"
      }
    },
    "node_modules/ml-array-min": {
      "version": "2.0.0",
      "resolved": "https://registry.npmjs.org/ml-array-min/-/ml-array-min-2.0.0.tgz",
      "integrity": "sha512-GRj6Ky6sW9vGL6yIjgsHmXZ9YgrdmcQ8nCxPqEGeKc6dkfYg1XDYxGFxADUjNuZyoCd5PUscWAS4N+cFaX6hFg==",
      "dev": true,
      "license": "MIT",
      "dependencies": {
        "is-any-array": "^3.0.0"
      }
    },
    "node_modules/ml-array-min/node_modules/is-any-array": {
      "version": "3.0.0",
      "resolved": "https://registry.npmjs.org/is-any-array/-/is-any-array-3.0.0.tgz",
      "integrity": "sha512-o4h+tylWykC4BD1vaejp6gDxoM13bwW8FGuNs4yIKpj8xbBJcRxJx8vZpq0dCr7ZDEfeKjmsi/euolKhX6f/ww==",
      "dev": true,
      "license": "MIT"
    },
    "node_modules/ml-array-mode": {
      "version": "1.1.5",
      "resolved": "https://registry.npmjs.org/ml-array-mode/-/ml-array-mode-1.1.5.tgz",
      "integrity": "sha512-30dWTShQq05UzL+ZoG5OuuDvRl3APdz/bHwgZTgqRAJKOZApaWNQxg/ZnN5i/Uls3AjqabRZ70/QhX+/0bfZEA==",
      "dev": true,
      "license": "MIT",
      "dependencies": {
        "is-any-array": "^2.0.0"
      }
    },
    "node_modules/ml-array-rescale": {
      "version": "2.0.0",
      "resolved": "https://registry.npmjs.org/ml-array-rescale/-/ml-array-rescale-2.0.0.tgz",
      "integrity": "sha512-2GGtKfSno94/kIloWGvpp/U5Q5vLvLrza+SAaGsLeo6Xj4mEbA6Gqx+oTfZFkxnd1grT2X007HfJNs3T5BsiVg==",
      "dev": true,
      "license": "MIT",
      "dependencies": {
        "is-any-array": "^3.0.0",
        "ml-array-max": "^2.0.0",
        "ml-array-min": "^2.0.0"
      }
    },
    "node_modules/ml-array-rescale/node_modules/is-any-array": {
      "version": "3.0.0",
      "resolved": "https://registry.npmjs.org/is-any-array/-/is-any-array-3.0.0.tgz",
      "integrity": "sha512-o4h+tylWykC4BD1vaejp6gDxoM13bwW8FGuNs4yIKpj8xbBJcRxJx8vZpq0dCr7ZDEfeKjmsi/euolKhX6f/ww==",
      "dev": true,
      "license": "MIT"
    },
    "node_modules/ml-array-sum": {
      "version": "1.1.6",
      "resolved": "https://registry.npmjs.org/ml-array-sum/-/ml-array-sum-1.1.6.tgz",
      "integrity": "sha512-29mAh2GwH7ZmiRnup4UyibQZB9+ZLyMShvt4cH4eTK+cL2oEMIZFnSyB3SS8MlsTh6q/w/yh48KmqLxmovN4Dw==",
      "dev": true,
      "license": "MIT",
      "dependencies": {
        "is-any-array": "^2.0.0"
      }
    },
    "node_modules/ml-cart": {
      "version": "2.1.1",
      "resolved": "https://registry.npmjs.org/ml-cart/-/ml-cart-2.1.1.tgz",
      "integrity": "sha512-f6rIj4EzbjqKLJa2Qmm5AjZ0WVgk+Y7J1N/+pQVaFr0d4oM1uZPLOh5h665LyH+bLBHTFEbvSR4OLKmJRQ8KfA==",
      "dev": true,
      "license": "MIT",
      "dependencies": {
        "ml-array-mean": "^1.1.5",
        "ml-matrix": "^6.8.2"
      }
    },
    "node_modules/ml-matrix": {
      "version": "6.15.0",
      "resolved": "https://registry.npmjs.org/ml-matrix/-/ml-matrix-6.15.0.tgz",
      "integrity": "sha512-wFa1v6KP8bKp+fj0nYmRs1Pb5K4zRkXGKsOvLinvILENFIADncm4XlOI+S1M7yuACMGfI6cfk0IifDgd4j5xmw==",
      "dev": true,
      "license": "MIT",
      "dependencies": {
        "is-any-array": "^3.0.0",
        "ml-array-rescale": "^2.0.0"
      }
    },
    "node_modules/ml-matrix/node_modules/is-any-array": {
      "version": "3.0.0",
      "resolved": "https://registry.npmjs.org/is-any-array/-/is-any-array-3.0.0.tgz",
      "integrity": "sha512-o4h+tylWykC4BD1vaejp6gDxoM13bwW8FGuNs4yIKpj8xbBJcRxJx8vZpq0dCr7ZDEfeKjmsi/euolKhX6f/ww==",
      "dev": true,
      "license": "MIT"
    },
    "node_modules/ml-random-forest": {
      "version": "2.1.0",
      "resolved": "https://registry.npmjs.org/ml-random-forest/-/ml-random-forest-2.1.0.tgz",
      "integrity": "sha512-5PpfMFWdCxchjte7N6W38XNqycbheOadrfKySV0mojAfKorXy1HnPLthz3NFDnSO4nnIOaxRtr26bc4ZQaautA==",
      "dev": true,
      "license": "MIT",
      "dependencies": {
        "ml-array-mean": "^1.1.5",
        "ml-array-median": "^1.1.5",
        "ml-array-mode": "^1.1.4",
        "ml-cart": "^2.1.1",
        "ml-matrix": "^6.8.2",
        "random-js": "^2.1.0"
      }
    },
    "node_modules/random-js": {
      "version": "2.1.0",
      "resolved": "https://registry.npmjs.org/random-js/-/random-js-2.1.0.tgz",
      "integrity": "sha512-CRUyWmnzmZBA7RZSVGq0xMqmgCyPPxbiKNLFA5ud7KenojVX2s7Gv+V7eB52beKTPGxWRnVZ7D/tCIgYJJ8vNQ==",
      "dev": true,
      "license": "MIT"
    },
    "node_modules/typescript": {
      "version": "5.9.3",
      "resolved": "https://registry.npmjs.org/typescript/-/typescript-5.9.3.tgz",
      "integrity": "sha512-jl1vZzPDinLr9eUt3J/t7V6FgNEw9QjvBPdysz9KfQDD41fQrC2Y4vKQdiaUpFT4bXlb1RHhLpp8wtm6M5TgSw==",
      "dev": true,
      "license": "Apache-2.0",
      "bin": {
        "tsc": "bin/tsc",
        "tsserver": "bin/tsserver"
      },
      "engines": {
        "node": ">=14.17"
      }
    },
    "node_modules/yaml": {
      "version": "2.9.0",
      "resolved": "https://registry.npmjs.org/yaml/-/yaml-2.9.0.tgz",
      "integrity": "sha512-2AvhNX3mb8zd6Zy7INTtSpl1F15HW6Wnqj0srWlkKLcpYl/gMIMJiyuGq2KeI2YFxUPjdlB+3Lc10seMLtL4cA==",
      "license": "ISC",
      "bin": {
        "yaml": "bin.mjs"
      },
      "engines": {
        "node": ">= 14.6"
      },
      "funding": {
        "url": "https://github.com/sponsors/eemeli"
      }
    }
  }
}
